
Microsoft Visual Studio Solution File, Format Version 12.00
# Visual Studio 2012
Project("{f2a71f9b-5d33-465a-a702-920d77279786}") = "KeepCommand", "KeepCommand\KeepCommand.fsproj", "{7E0495AD-AA29-42AE-BDD8-9B9675E5EF0F}"
EndProject
Project("{f2a71f9b-5d33-465a-a702-920d77279786}") = "KeepCommand.Tests", "KeepCommand.Tests\KeepCommand.Tests.fsproj", "{2E9E120F-5135-469E-B120-4A4C2C9DD8B8}"
EndProject
Global
	GlobalSection(SolutionConfigurationPlatforms) = preSolution
		Debug|x86 = Debug|x86
		Release|x86 = Release|x86
	EndGlobalSection
	GlobalSection(ProjectConfigurationPlatforms) = postSolution
		{7E0495AD-AA29-42AE-BDD8-9B9675E5EF0F}.Debug|x86.ActiveCfg = Debug|x86
		{7E0495AD-AA29-42AE-BDD8-9B9675E5EF0F}.Debug|x86.Build.0 = Debug|x86
		{7E0495AD-AA29-42AE-BDD8-9B9675E5EF0F}.Release|x86.ActiveCfg = Release|x86
		{7E0495AD-AA29-42AE-BDD8-9B9675E5EF0F}.Release|x86.Build.0 = Release|x86
		{2E9E120F-5135-469E-B120-4A4C2C9DD8B8}.Debug|x86.ActiveCfg = Debug|Any CPU
		{2E9E120F-5135-469E-B120-4A4C2C9DD8B8}.Debug|x86.Build.0 = Debug|Any CPU
		{2E9E120F-5135-469E-B120-4A4C2C9DD8B8}.Release|x86.ActiveCfg = Release|Any CPU
		{2E9E120F-5135-469E-B120-4A4C2C9DD8B8}.Release|x86.Build.0 = Release|Any CPU
	EndGlobalSection
EndGlobal
